
Microsoft Visual Studio Solution File, Format Version 12.00
# Visual Studio 15
Project("{FAE04EC0-301F-11D3-BF4B-00C04F79EFBC}") = "Assembly-CSharp", "Assembly-CSharp.csproj", "{F28672DD-5B20-D3D7-FF3A-4CE11FA73264}"
EndProject
Project("{FAE04EC0-301F-11D3-BF4B-00C04F79EFBC}") = "Assembly-CSharp-firstpass", "Assembly-CSharp-firstpass.csproj", "{882E7524-CD19-FE10-7FD9-652755C2758E}"
EndProject
Project("{FAE04EC0-301F-11D3-BF4B-00C04F79EFBC}") = "Assembly-CSharp-Editor-firstpass", "Assembly-CSharp-Editor-firstpass.csproj", "{76BBD1AC-A9DB-3FBC-F65C-C372ADBBD885}"
EndProject
Global
	GlobalSection(SolutionConfigurationPlatforms) = preSolution
		Debug|Any CPU = Debug|Any CPU
		Release|Any CPU = Release|Any CPU
	EndGlobalSection
	GlobalSection(ProjectConfigurationPlatforms) = postSolution
		{F28672DD-5B20-D3D7-FF3A-4CE11FA73264}.Debug|Any CPU.ActiveCfg = Debug|Any CPU
		{F28672DD-5B20-D3D7-FF3A-4CE11FA73264}.Debug|Any CPU.Build.0 = Debug|Any CPU
		{F28672DD-5B20-D3D7-FF3A-4CE11FA73264}.Release|Any CPU.ActiveCfg = Release|Any CPU
		{F28672DD-5B20-D3D7-FF3A-4CE11FA73264}.Release|Any CPU.Build.0 = Release|Any CPU
		{882E7524-CD19-FE10-7FD9-652755C2758E}.Debug|Any CPU.ActiveCfg = Debug|Any CPU
		{882E7524-CD19-FE10-7FD9-652755C2758E}.Debug|Any CPU.Build.0 = Debug|Any CPU
		{882E7524-CD19-FE10-7FD9-652755C2758E}.Release|Any CPU.ActiveCfg = Release|Any CPU
		{882E7524-CD19-FE10-7FD9-652755C2758E}.Release|Any CPU.Build.0 = Release|Any CPU
		{76BBD1AC-A9DB-3FBC-F65C-C372ADBBD885}.Debug|Any CPU.ActiveCfg = Debug|Any CPU
		{76BBD1AC-A9DB-3FBC-F65C-C372ADBBD885}.Debug|Any CPU.Build.0 = Debug|Any CPU
		{76BBD1AC-A9DB-3FBC-F65C-C372ADBBD885}.Release|Any CPU.ActiveCfg = Release|Any CPU
		{76BBD1AC-A9DB-3FBC-F65C-C372ADBBD885}.Release|Any CPU.Build.0 = Release|Any CPU
	EndGlobalSection
	GlobalSection(SolutionProperties) = preSolution
		HideSolutionNode = FALSE
	EndGlobalSection
EndGlobal
